
Microsoft Visual Studio Solution File, Format Version 12.00
# Visual Studio Version 17
VisualStudioVersion = 17.3.32819.101
MinimumVisualStudioVersion = 10.0.40219.1
Project("{FAE04EC0-301F-11D3-BF4B-00C04F79EFBC}") = "OnurBankWCF", "WcfService1\OnurBankWCF.csproj", "{E383C429-6A43-49C9-8B54-0827B5667393}"
EndProject
Project("{FAE04EC0-301F-11D3-BF4B-00C04F79EFBC}") = "ConsoleApp1", "ConsoleApp1\ConsoleApp1.csproj", "{A26ED74A-11AF-4A8D-A64C-5E18F0F64D2D}"
EndProject
Global
	GlobalSection(SolutionConfigurationPlatforms) = preSolution
		Debug|Any CPU = Debug|Any CPU
		Release|Any CPU = Release|Any CPU
	EndGlobalSection
	GlobalSection(ProjectConfigurationPlatforms) = postSolution
		{E383C429-6A43-49C9-8B54-0827B5667393}.Debug|Any CPU.ActiveCfg = Debug|Any CPU
		{E383C429-6A43-49C9-8B54-0827B5667393}.Debug|Any CPU.Build.0 = Debug|Any CPU
		{E383C429-6A43-49C9-8B54-0827B5667393}.Release|Any CPU.ActiveCfg = Release|Any CPU
		{E383C429-6A43-49C9-8B54-0827B5667393}.Release|Any CPU.Build.0 = Release|Any CPU
		{A26ED74A-11AF-4A8D-A64C-5E18F0F64D2D}.Debug|Any CPU.ActiveCfg = Debug|Any CPU
		{A26ED74A-11AF-4A8D-A64C-5E18F0F64D2D}.Debug|Any CPU.Build.0 = Debug|Any CPU
		{A26ED74A-11AF-4A8D-A64C-5E18F0F64D2D}.Release|Any CPU.ActiveCfg = Release|Any CPU
		{A26ED74A-11AF-4A8D-A64C-5E18F0F64D2D}.Release|Any CPU.Build.0 = Release|Any CPU
	EndGlobalSection
	GlobalSection(SolutionProperties) = preSolution
		HideSolutionNode = FALSE
	EndGlobalSection
	GlobalSection(ExtensibilityGlobals) = postSolution
		SolutionGuid = {12638A15-D621-49BC-A69E-C9E612E3A68D}
	EndGlobalSection
EndGlobal
